// !$*UTF8*$!
{
	archiveVersion = 1;
	classes = {
	};
	objectVersion = 56;
	objects = {

/* Begin PBXBuildFile section */
		7105C0211E2D737F2251D2BB /* Pods_Weathy.framework in Frameworks */ = {isa = PBXBuildFile; fileRef = 43E2122D4745F19DC2BDC62E /* Pods_Weathy.framework */; };
		ED0BE8832D23BEBA009B9AB3 /* WeathyApp.swift in Sources */ = {isa = PBXBuildFile; fileRef = ED0BE8822D23BEBA009B9AB3 /* WeathyApp.swift */; };
		ED0BE8852D23BEBA009B9AB3 /* ContentView.swift in Sources */ = {isa = PBXBuildFile; fileRef = ED0BE8842D23BEBA009B9AB3 /* ContentView.swift */; };
		ED0BE8872D23BEBB009B9AB3 /* Assets.xcassets in Resources */ = {isa = PBXBuildFile; fileRef = ED0BE8862D23BEBB009B9AB3 /* Assets.xcassets */; };
		ED0BE88B2D23BEBB009B9AB3 /* Preview Assets.xcassets in Resources */ = {isa = PBXBuildFile; fileRef = ED0BE88A2D23BEBB009B9AB3 /* Preview Assets.xcassets */; };
		ED4ABCF52D27BF3800215738 /* ThunderAnimation.json in Resources */ = {isa = PBXBuildFile; fileRef = ED4ABCF32D27BF3800215738 /* ThunderAnimation.json */; };
		ED4ABCF62D27BF3800215738 /* CloudAnimation.json in Resources */ = {isa = PBXBuildFile; fileRef = ED4ABCF42D27BF3800215738 /* CloudAnimation.json */; };
		ED4ABD602D2868FD00215738 /* GoogleService-Info.plist in Resources */ = {isa = PBXBuildFile; fileRef = ED4ABD5F2D2868FD00215738 /* GoogleService-Info.plist */; };
/* End PBXBuildFile section */

/* Begin PBXFileReference section */
		43E2122D4745F19DC2BDC62E /* Pods_Weathy.framework */ = {isa = PBXFileReference; explicitFileType = wrapper.framework; includeInIndex = 0; path = Pods_Weathy.framework; sourceTree = BUILT_PRODUCTS_DIR; };
		9A5BBAA907B774319110F561 /* Pods-Weathy.release.xcconfig */ = {isa = PBXFileReference; includeInIndex = 1; lastKnownFileType = text.xcconfig; name = "Pods-Weathy.release.xcconfig"; path = "Target Support Files/Pods-Weathy/Pods-Weathy.release.xcconfig"; sourceTree = "<group>"; };
		E30A6503A9EF1F2A34FD4683 /* Pods-Weathy.debug.xcconfig */ = {isa = PBXFileReference; includeInIndex = 1; lastKnownFileType = text.xcconfig; name = "Pods-Weathy.debug.xcconfig"; path = "Target Support Files/Pods-Weathy/Pods-Weathy.debug.xcconfig"; sourceTree = "<group>"; };
		ED0BE87F2D23BEBA009B9AB3 /* Weathy.app */ = {isa = PBXFileReference; explicitFileType = wrapper.application; includeInIndex = 0; path = Weathy.app; sourceTree = BUILT_PRODUCTS_DIR; };
		ED0BE8822D23BEBA009B9AB3 /* WeathyApp.swift */ = {isa = PBXFileReference; lastKnownFileType = sourcecode.swift; path = WeathyApp.swift; sourceTree = "<group>"; };
		ED0BE8842D23BEBA009B9AB3 /* ContentView.swift */ = {isa = PBXFileReference; lastKnownFileType = sourcecode.swift; path = ContentView.swift; sourceTree = "<group>"; };
		ED0BE8862D23BEBB009B9AB3 /* Assets.xcassets */ = {isa = PBXFileReference; lastKnownFileType = folder.assetcatalog; path = Assets.xcassets; sourceTree = "<group>"; };
		ED0BE8882D23BEBB009B9AB3 /* Weathy.entitlements */ = {isa = PBXFileReference; lastKnownFileType = text.plist.entitlements; path = Weathy.entitlements; sourceTree = "<group>"; };
		ED0BE88A2D23BEBB009B9AB3 /* Preview Assets.xcassets */ = {isa = PBXFileReference; lastKnownFileType = folder.assetcatalog; path = "Preview Assets.xcassets"; sourceTree = "<group>"; };
		ED4ABCF32D27BF3800215738 /* ThunderAnimation.json */ = {isa = PBXFileReference; fileEncoding = 4; lastKnownFileType = text.json; path = ThunderAnimation.json; sourceTree = "<group>"; };
		ED4ABCF42D27BF3800215738 /* CloudAnimation.json */ = {isa = PBXFileReference; fileEncoding = 4; lastKnownFileType = text.json; path = CloudAnimation.json; sourceTree = "<group>"; };
		ED4ABD5F2D2868FD00215738 /* GoogleService-Info.plist */ = {isa = PBXFileReference; fileEncoding = 4; lastKnownFileType = text.plist.xml; path = "GoogleService-Info.plist"; sourceTree = "<group>"; };
		ED4ABD632D286AAC00215738 /* Info.plist */ = {isa = PBXFileReference; lastKnownFileType = text.plist; path = Info.plist; sourceTree = "<group>"; };
/* End PBXFileReference section */

/* Begin PBXFrameworksBuildPhase section */
		ED0BE87C2D23BEBA009B9AB3 /* Frameworks */ = {
			isa = PBXFrameworksBuildPhase;
			buildActionMask = 2147483647;
			files = (
				7105C0211E2D737F2251D2BB /* Pods_Weathy.framework in Frameworks */,
			);
			runOnlyForDeploymentPostprocessing = 0;
		};
/* End PBXFrameworksBuildPhase section */

/* Begin PBXGroup section */
		4F327061FDB9602F165B04F0 /* Frameworks */ = {
			isa = PBXGroup;
			children = (
				43E2122D4745F19DC2BDC62E /* Pods_Weathy.framework */,
			);
			name = Frameworks;
			sourceTree = "<group>";
		};
		CF44C71A0FA3834518F0A1FD /* Pods */ = {
			isa = PBXGroup;
			children = (
				E30A6503A9EF1F2A34FD4683 /* Pods-Weathy.debug.xcconfig */,
				9A5BBAA907B774319110F561 /* Pods-Weathy.release.xcconfig */,
			);
			path = Pods;
			sourceTree = "<group>";
		};
		ED0BE8762D23BEBA009B9AB3 = {
			isa = PBXGroup;
			children = (
				ED0BE8812D23BEBA009B9AB3 /* Weathy */,
				ED0BE8802D23BEBA009B9AB3 /* Products */,
				CF44C71A0FA3834518F0A1FD /* Pods */,
				4F327061FDB9602F165B04F0 /* Frameworks */,
			);
			sourceTree = "<group>";
		};
		ED0BE8802D23BEBA009B9AB3 /* Products */ = {
			isa = PBXGroup;
			children = (
				ED0BE87F2D23BEBA009B9AB3 /* Weathy.app */,
			);
			name = Products;
			sourceTree = "<group>";
		};
		ED0BE8812D23BEBA009B9AB3 /* Weathy */ = {
			isa = PBXGroup;
			children = (
				ED4ABD632D286AAC00215738 /* Info.plist */,
				ED4ABD5F2D2868FD00215738 /* GoogleService-Info.plist */,
				ED4ABCF22D27BF1D00215738 /* Lotties */,
				ED0BE8822D23BEBA009B9AB3 /* WeathyApp.swift */,
				ED0BE8842D23BEBA009B9AB3 /* ContentView.swift */,
				ED0BE8862D23BEBB009B9AB3 /* Assets.xcassets */,
				ED0BE8882D23BEBB009B9AB3 /* Weathy.entitlements */,
				ED0BE8892D23BEBB009B9AB3 /* Preview Content */,
			);
			path = Weathy;
			sourceTree = "<group>";
		};
		ED0BE8892D23BEBB009B9AB3 /* Preview Content */ = {
			isa = PBXGroup;
			children = (
				ED0BE88A2D23BEBB009B9AB3 /* Preview Assets.xcassets */,
			);
			path = "Preview Content";
			sourceTree = "<group>";
		};
		ED4ABCF22D27BF1D00215738 /* Lotties */ = {
			isa = PBXGroup;
			children = (
				ED4ABCF32D27BF3800215738 /* ThunderAnimation.json */,
				ED4ABCF42D27BF3800215738 /* CloudAnimation.json */,
			);
			path = Lotties;
			sourceTree = "<group>";
		};
/* End PBXGroup section */

/* Begin PBXNativeTarget section */
		ED0BE87E2D23BEBA009B9AB3 /* Weathy */ = {
			isa = PBXNativeTarget;
			buildConfigurationList = ED0BE88E2D23BEBB009B9AB3 /* Build configuration list for PBXNativeTarget "Weathy" */;
			buildPhases = (
				134FE1D560F9CD36622914EB /* [CP] Check Pods Manifest.lock */,
				ED0BE87B2D23BEBA009B9AB3 /* Sources */,
				ED0BE87C2D23BEBA009B9AB3 /* Frameworks */,
				ED0BE87D2D23BEBA009B9AB3 /* Resources */,
				87EBCC32DF1BAFF7A1ECFB4B /* [CP] Embed Pods Frameworks */,
			);
			buildRules = (
			);
			dependencies = (
			);
			name = Weathy;
			productName = Weathy;
			productReference = ED0BE87F2D23BEBA009B9AB3 /* Weathy.app */;
			productType = "com.apple.product-type.application";
		};
/* End PBXNativeTarget section */

/* Begin PBXProject section */
		ED0BE8772D23BEBA009B9AB3 /* Project object */ = {
			isa = PBXProject;
			attributes = {
				BuildIndependentTargetsInParallel = 1;
				LastSwiftUpdateCheck = 1530;
				LastUpgradeCheck = 1530;
				TargetAttributes = {
					ED0BE87E2D23BEBA009B9AB3 = {
						CreatedOnToolsVersion = 15.3;
					};
				};
			};
			buildConfigurationList = ED0BE87A2D23BEBA009B9AB3 /* Build configuration list for PBXProject "Weathy" */;
			compatibilityVersion = "Xcode 14.0";
			developmentRegion = en;
			hasScannedForEncodings = 0;
			knownRegions = (
				en,
				Base,
			);
			mainGroup = ED0BE8762D23BEBA009B9AB3;
			productRefGroup = ED0BE8802D23BEBA009B9AB3 /* Products */;
			projectDirPath = "";
			projectRoot = "";
			targets = (
				ED0BE87E2D23BEBA009B9AB3 /* Weathy */,
			);
		};
/* End PBXProject section */

/* Begin PBXResourcesBuildPhase section */
		ED0BE87D2D23BEBA009B9AB3 /* Resources */ = {
			isa = PBXResourcesBuildPhase;
			buildActionMask = 2147483647;
			files = (
				ED0BE88B2D23BEBB009B9AB3 /* Preview Assets.xcassets in Resources */,
				ED0BE8872D23BEBB009B9AB3 /* Assets.xcassets in Resources */,
				ED4ABD602D2868FD00215738 /* GoogleService-Info.plist in Resources */,
				ED4ABCF62D27BF3800215738 /* CloudAnimation.json in Resources */,
				ED4ABCF52D27BF3800215738 /* ThunderAnimation.json in Resources */,
			);
			runOnlyForDeploymentPostprocessing = 0;
		};
/* End PBXResourcesBuildPhase section */

/* Begin PBXShellScriptBuildPhase section */
		134FE1D560F9CD36622914EB /* [CP] Check Pods Manifest.lock */ = {
			isa = PBXShellScriptBuildPhase;
			buildActionMask = 2147483647;
			files = (
			);
			inputFileListPaths = (
			);
			inputPaths = (
				"${PODS_PODFILE_DIR_PATH}/Podfile.lock",
				"${PODS_ROOT}/Manifest.lock",
			);
			name = "[CP] Check Pods Manifest.lock";
			outputFileListPaths = (
			);
			outputPaths = (
				"$(DERIVED_FILE_DIR)/Pods-Weathy-checkManifestLockResult.txt",
			);
			runOnlyForDeploymentPostprocessing = 0;
			shellPath = /bin/sh;
			shellScript = "diff \"${PODS_PODFILE_DIR_PATH}/Podfile.lock\" \"${PODS_ROOT}/Manifest.lock\" > /dev/null\nif [ $? != 0 ] ; then\n    # print error to STDERR\n    echo \"error: The sandbox is not in sync with the Podfile.lock. Run 'pod install' or update your CocoaPods installation.\" >&2\n    exit 1\nfi\n# This output is used by Xcode 'outputs' to avoid re-running this script phase.\necho \"SUCCESS\" > \"${SCRIPT_OUTPUT_FILE_0}\"\n";
			showEnvVarsInLog = 0;
		};
		87EBCC32DF1BAFF7A1ECFB4B /* [CP] Embed Pods Frameworks */ = {
			isa = PBXShellScriptBuildPhase;
			buildActionMask = 2147483647;
			files = (
			);
			inputFileListPaths = (
				"${PODS_ROOT}/Target Support Files/Pods-Weathy/Pods-Weathy-frameworks-${CONFIGURATION}-input-files.xcfilelist",
			);
			name = "[CP] Embed Pods Frameworks";
			outputFileListPaths = (
				"${PODS_ROOT}/Target Support Files/Pods-Weathy/Pods-Weathy-frameworks-${CONFIGURATION}-output-files.xcfilelist",
			);
			runOnlyForDeploymentPostprocessing = 0;
			shellPath = /bin/sh;
			shellScript = "\"${PODS_ROOT}/Target Support Files/Pods-Weathy/Pods-Weathy-frameworks.sh\"\n";
			showEnvVarsInLog = 0;
		};
/* End PBXShellScriptBuildPhase section */

/* Begin PBXSourcesBuildPhase section */
		ED0BE87B2D23BEBA009B9AB3 /* Sources */ = {
			isa = PBXSourcesBuildPhase;
			buildActionMask = 2147483647;
			files = (
				ED0BE8852D23BEBA009B9AB3 /* ContentView.swift in Sources */,
				ED0BE8832D23BEBA009B9AB3 /* WeathyApp.swift in Sources */,
			);
			runOnlyForDeploymentPostprocessing = 0;
		};
/* End PBXSourcesBuildPhase section */

/* Begin XCBuildConfiguration section */
		ED0BE88C2D23BEBB009B9AB3 /* Debug */ = {
			isa = XCBuildConfiguration;
			buildSettings = {
				ALWAYS_SEARCH_USER_PATHS = NO;
				ASSETCATALOG_COMPILER_GENERATE_SWIFT_ASSET_SYMBOL_EXTENSIONS = YES;
				CLANG_ANALYZER_NONNULL = YES;
				CLANG_ANALYZER_NUMBER_OBJECT_CONVERSION = YES_AGGRESSIVE;
				CLANG_CXX_LANGUAGE_STANDARD = "gnu++20";
				CLANG_ENABLE_MODULES = YES;
				CLANG_ENABLE_OBJC_ARC = YES;
				CLANG_ENABLE_OBJC_WEAK = YES;
				CLANG_WARN_BLOCK_CAPTURE_AUTORELEASING = YES;
				CLANG_WARN_BOOL_CONVERSION = YES;
				CLANG_WARN_COMMA = YES;
				CLANG_WARN_CONSTANT_CONVERSION = YES;
				CLANG_WARN_DEPRECATED_OBJC_IMPLEMENTATIONS = YES;
				CLANG_WARN_DIRECT_OBJC_ISA_USAGE = YES_ERROR;
				CLANG_WARN_DOCUMENTATION_COMMENTS = YES;
				CLANG_WARN_EMPTY_BODY = YES;
				CLANG_WARN_ENUM_CONVERSION = YES;
				CLANG_WARN_INFINITE_RECURSION = YES;
				CLANG_WARN_INT_CONVERSION = YES;
				CLANG_WARN_NON_LITERAL_NULL_CONVERSION = YES;
				CLANG_WARN_OBJC_IMPLICIT_RETAIN_SELF = YES;
				CLANG_WARN_OBJC_LITERAL_CONVERSION = YES;
				CLANG_WARN_OBJC_ROOT_CLASS = YES_ERROR;
				CLANG_WARN_QUOTED_INCLUDE_IN_FRAMEWORK_HEADER = YES;
				CLANG_WARN_RANGE_LOOP_ANALYSIS = YES;
				CLANG_WARN_STRICT_PROTOTYPES = YES;
				CLANG_WARN_SUSPICIOUS_MOVE = YES;
				CLANG_WARN_UNGUARDED_AVAILABILITY = YES_AGGRESSIVE;
				CLANG_WARN_UNREACHABLE_CODE = YES;
				CLANG_WARN__DUPLICATE_METHOD_MATCH = YES;
				COPY_PHASE_STRIP = NO;
				DEBUG_INFORMATION_FORMAT = dwarf;
				ENABLE_STRICT_OBJC_MSGSEND = YES;
				ENABLE_TESTABILITY = YES;
				ENABLE_USER_SCRIPT_SANDBOXING = NO;
				GCC_C_LANGUAGE_STANDARD = gnu17;
				GCC_DYNAMIC_NO_PIC = NO;
				GCC_NO_COMMON_BLOCKS = YES;
				GCC_OPTIMIZATION_LEVEL = 0;
				GCC_PREPROCESSOR_DEFINITIONS = (
					"DEBUG=1",
					"$(inherited)",
				);
				GCC_WARN_64_TO_32_BIT_CONVERSION = YES;
				GCC_WARN_ABOUT_RETURN_TYPE = YES_ERROR;
				GCC_WARN_UNDECLARED_SELECTOR = YES;
				GCC_WARN_UNINITIALIZED_AUTOS = YES_AGGRESSIVE;
				GCC_WARN_UNUSED_FUNCTION = YES;
				GCC_WARN_UNUSED_VARIABLE = YES;
				LOCALIZATION_PREFERS_STRING_CATALOGS = YES;
				MTL_ENABLE_DEBUG_INFO = INCLUDE_SOURCE;
				MTL_FAST_MATH = YES;
				ONLY_ACTIVE_ARCH = YES;
				SWIFT_ACTIVE_COMPILATION_CONDITIONS = "DEBUG $(inherited)";
				SWIFT_OPTIMIZATION_LEVEL = "-Onone";
			};
			name = Debug;
		};
		ED0BE88D2D23BEBB009B9AB3 /* Release */ = {
			isa = XCBuildConfiguration;
			buildSettings = {
				ALWAYS_SEARCH_USER_PATHS = NO;
				ASSETCATALOG_COMPILER_GENERATE_SWIFT_ASSET_SYMBOL_EXTENSIONS = YES;
				CLANG_ANALYZER_NONNULL = YES;
				CLANG_ANALYZER_NUMBER_OBJECT_CONVERSION = YES_AGGRESSIVE;
				CLANG_CXX_LANGUAGE_STANDARD = "gnu++20";
				CLANG_ENABLE_MODULES = YES;
				CLANG_ENABLE_OBJC_ARC = YES;
				CLANG_ENABLE_OBJC_WEAK = YES;
				CLANG_WARN_BLOCK_CAPTURE_AUTORELEASING = YES;
				CLANG_WARN_BOOL_CONVERSION = YES;
				CLANG_WARN_COMMA = YES;
				CLANG_WARN_CONSTANT_CONVERSION = YES;
				CLANG_WARN_DEPRECATED_OBJC_IMPLEMENTATIONS = YES;
				CLANG_WARN_DIRECT_OBJC_ISA_USAGE = YES_ERROR;
				CLANG_WARN_DOCUMENTATION_COMMENTS = YES;
				CLANG_WARN_EMPTY_BODY = YES;
				CLANG_WARN_ENUM_CONVERSION = YES;
				CLANG_WARN_INFINITE_RECURSION = YES;
				CLANG_WARN_INT_CONVERSION = YES;
				CLANG_WARN_NON_LITERAL_NULL_CONVERSION = YES;
				CLANG_WARN_OBJC_IMPLICIT_RETAIN_SELF = YES;
				CLANG_WARN_OBJC_LITERAL_CONVERSION = YES;
				CLANG_WARN_OBJC_ROOT_CLASS = YES_ERROR;
				CLANG_WARN_QUOTED_INCLUDE_IN_FRAMEWORK_HEADER = YES;
				CLANG_WARN_RANGE_LOOP_ANALYSIS = YES;
				CLANG_WARN_STRICT_PROTOTYPES = YES;
				CLANG_WARN_SUSPICIOUS_MOVE = YES;
				CLANG_WARN_UNGUARDED_AVAILABILITY = YES_AGGRESSIVE;
				CLANG_WARN_UNREACHABLE_CODE = YES;
				CLANG_WARN__DUPLICATE_METHOD_MATCH = YES;
				COPY_PHASE_STRIP = NO;
				DEBUG_INFORMATION_FORMAT = "dwarf-with-dsym";
				ENABLE_NS_ASSERTIONS = NO;
				ENABLE_STRICT_OBJC_MSGSEND = YES;
				ENABLE_USER_SCRIPT_SANDBOXING = NO;
				GCC_C_LANGUAGE_STANDARD = gnu17;
				GCC_NO_COMMON_BLOCKS = YES;
				GCC_WARN_64_TO_32_BIT_CONVERSION = YES;
				GCC_WARN_ABOUT_RETURN_TYPE = YES_ERROR;
				GCC_WARN_UNDECLARED_SELECTOR = YES;
				GCC_WARN_UNINITIALIZED_AUTOS = YES_AGGRESSIVE;
				GCC_WARN_UNUSED_FUNCTION = YES;
				GCC_WARN_UNUSED_VARIABLE = YES;
				LOCALIZATION_PREFERS_STRING_CATALOGS = YES;
				MTL_ENABLE_DEBUG_INFO = NO;
				MTL_FAST_MATH = YES;
				SWIFT_COMPILATION_MODE = wholemodule;
			};
			name = Release;
		};
		ED0BE88F2D23BEBB009B9AB3 /* Debug */ = {
			isa = XCBuildConfiguration;
			baseConfigurationReference = E30A6503A9EF1F2A34FD4683 /* Pods-Weathy.debug.xcconfig */;
			buildSettings = {
				ASSETCATALOG_COMPILER_APPICON_NAME = AppIcon;
				ASSETCATALOG_COMPILER_GLOBAL_ACCENT_COLOR_NAME = AccentColor;
				CODE_SIGN_ENTITLEMENTS = Weathy/Weathy.entitlements;
				CODE_SIGN_STYLE = Automatic;
				CURRENT_PROJECT_VERSION = 1;
				DEVELOPMENT_ASSET_PATHS = "\"Weathy/Preview Content\"";
				DEVELOPMENT_TEAM = K357BR6MN2;
				ENABLE_HARDENED_RUNTIME = YES;
				ENABLE_PREVIEWS = YES;
				ENABLE_USER_SCRIPT_SANDBOXING = NO;
				GENERATE_INFOPLIST_FILE = YES;
				INFOPLIST_FILE = Weathy/Info.plist;
				"INFOPLIST_KEY_UIApplicationSceneManifest_Generation[sdk=iphoneos*]" = YES;
				"INFOPLIST_KEY_UIApplicationSceneManifest_Generation[sdk=iphonesimulator*]" = YES;
				"INFOPLIST_KEY_UIApplicationSupportsIndirectInputEvents[sdk=iphoneos*]" = YES;
				"INFOPLIST_KEY_UIApplicationSupportsIndirectInputEvents[sdk=iphonesimulator*]" = YES;
				"INFOPLIST_KEY_UILaunchScreen_Generation[sdk=iphoneos*]" = YES;
				"INFOPLIST_KEY_UILaunchScreen_Generation[sdk=iphonesimulator*]" = YES;
				"INFOPLIST_KEY_UIStatusBarStyle[sdk=iphoneos*]" = UIStatusBarStyleDefault;
				"INFOPLIST_KEY_UIStatusBarStyle[sdk=iphonesimulator*]" = UIStatusBarStyleDefault;
				INFOPLIST_KEY_UISupportedInterfaceOrientations_iPad = "UIInterfaceOrientationPortrait UIInterfaceOrientationPortraitUpsideDown UIInterfaceOrientationLandscapeLeft UIInterfaceOrientationLandscapeRight";
				INFOPLIST_KEY_UISupportedInterfaceOrientations_iPhone = "UIInterfaceOrientationPortrait UIInterfaceOrientationLandscapeLeft UIInterfaceOrientationLandscapeRight";
				IPHONEOS_DEPLOYMENT_TARGET = 14.0;
				LD_RUNPATH_SEARCH_PATHS = "@executable_path/Frameworks";
				"LD_RUNPATH_SEARCH_PATHS[sdk=macosx*]" = "@executable_path/../Frameworks";
				MACOSX_DEPLOYMENT_TARGET = 14.0;
				MARKETING_VERSION = 1.1.0;
				PRODUCT_BUNDLE_IDENTIFIER = com.andcamilo001.Weathy;
				PRODUCT_NAME = "$(TARGET_NAME)";
				SDKROOT = auto;
				SUPPORTED_PLATFORMS = "iphoneos iphonesimulator macosx";
				SWIFT_EMIT_LOC_STRINGS = YES;
				SWIFT_VERSION = 5.0;
				TARGETED_DEVICE_FAMILY = "1,2";
			};
			name = Debug;
		};
		ED0BE8902D23BEBB009B9AB3 /* Release */ = {
			isa = XCBuildConfiguration;
			baseConfigurationReference = 9A5BBAA907B774319110F561 /* Pods-Weathy.release.xcconfig */;
			buildSettings = {
				ASSETCATALOG_COMPILER_APPICON_NAME = AppIcon;
				ASSETCATALOG_COMPILER_GLOBAL_ACCENT_COLOR_NAME = AccentColor;
				CODE_SIGN_ENTITLEMENTS = Weathy/Weathy.entitlements;
				CODE_SIGN_STYLE = Automatic;
				CURRENT_PROJECT_VERSION = 1;
				DEVELOPMENT_ASSET_PATHS = "\"Weathy/Preview Content\"";
				DEVELOPMENT_TEAM = K357BR6MN2;
				ENABLE_HARDENED_RUNTIME = YES;
				ENABLE_PREVIEWS = YES;
				ENABLE_USER_SCRIPT_SANDBOXING = NO;
				GENERATE_INFOPLIST_FILE = YES;
				INFOPLIST_FILE = Weathy/Info.plist;
				"INFOPLIST_KEY_UIApplicationSceneManifest_Generation[sdk=iphoneos*]" = YES;
				"INFOPLIST_KEY_UIApplicationSceneManifest_Generation[sdk=iphonesimulator*]" = YES;
				"INFOPLIST_KEY_UIApplicationSupportsIndirectInputEvents[sdk=iphoneos*]" = YES;
				"INFOPLIST_KEY_UIApplicationSupportsIndirectInputEvents[sdk=iphonesimulator*]" = YES;
				"INFOPLIST_KEY_UILaunchScreen_Generation[sdk=iphoneos*]" = YES;
				"INFOPLIST_KEY_UILaunchScreen_Generation[sdk=iphonesimulator*]" = YES;
				"INFOPLIST_KEY_UIStatusBarStyle[sdk=iphoneos*]" = UIStatusBarStyleDefault;
				"INFOPLIST_KEY_UIStatusBarStyle[sdk=iphonesimulator*]" = UIStatusBarStyleDefault;
				INFOPLIST_KEY_UISupportedInterfaceOrientations_iPad = "UIInterfaceOrientationPortrait UIInterfaceOrientationPortraitUpsideDown UIInterfaceOrientationLandscapeLeft UIInterfaceOrientationLandscapeRight";
				INFOPLIST_KEY_UISupportedInterfaceOrientations_iPhone = "UIInterfaceOrientationPortrait UIInterfaceOrientationLandscapeLeft UIInterfaceOrientationLandscapeRight";
				IPHONEOS_DEPLOYMENT_TARGET = 14.0;
				LD_RUNPATH_SEARCH_PATHS = "@executable_path/Frameworks";
				"LD_RUNPATH_SEARCH_PATHS[sdk=macosx*]" = "@executable_path/../Frameworks";
				MACOSX_DEPLOYMENT_TARGET = 14.0;
				MARKETING_VERSION = 1.1.0;
				PRODUCT_BUNDLE_IDENTIFIER = com.andcamilo001.Weathy;
				PRODUCT_NAME = "$(TARGET_NAME)";
				SDKROOT = auto;
				SUPPORTED_PLATFORMS = "iphoneos iphonesimulator macosx";
				SWIFT_EMIT_LOC_STRINGS = YES;
				SWIFT_VERSION = 5.0;
				TARGETED_DEVICE_FAMILY = "1,2";
			};
			name = Release;
		};
/* End XCBuildConfiguration section */

/* Begin XCConfigurationList section */
		ED0BE87A2D23BEBA009B9AB3 /* Build configuration list for PBXProject "Weathy" */ = {
			isa = XCConfigurationList;
			buildConfigurations = (
				ED0BE88C2D23BEBB009B9AB3 /* Debug */,
				ED0BE88D2D23BEBB009B9AB3 /* Release */,
			);
			defaultConfigurationIsVisible = 0;
			defaultConfigurationName = Release;
		};
		ED0BE88E2D23BEBB009B9AB3 /* Build configuration list for PBXNativeTarget "Weathy" */ = {
			isa = XCConfigurationList;
			buildConfigurations = (
				ED0BE88F2D23BEBB009B9AB3 /* Debug */,
				ED0BE8902D23BEBB009B9AB3 /* Release */,
			);
			defaultConfigurationIsVisible = 0;
			defaultConfigurationName = Release;
		};
/* End XCConfigurationList section */
	};
	rootObject = ED0BE8772D23BEBA009B9AB3 /* Project object */;
}
