// !$*UTF8*$!
{
	archiveVersion = 1;
	classes = {
	};
	objectVersion = 56;
	objects = {

/* Begin PBXBuildFile section */
		0671E2CE7344302ED96462E7 /* Pods_DSCore.framework in Frameworks */ = {isa = PBXBuildFile; fileRef = 1593358F635C1A96D2323044 /* Pods_DSCore.framework */; };
		ED4ABD302D27CED300215738 /* DSCore.framework in Frameworks */ = {isa = PBXBuildFile; fileRef = ED4ABD272D27CED300215738 /* DSCore.framework */; };
		ED4ABD362D27CED300215738 /* DSCore.h in Headers */ = {isa = PBXBuildFile; fileRef = ED4ABD2A2D27CED300215738 /* DSCore.h */; settings = {ATTRIBUTES = (Public, ); }; };
		ED4ABD412D27CF3000215738 /* Frames.swift in Sources */ = {isa = PBXBuildFile; fileRef = ED4ABD402D27CF3000215738 /* Frames.swift */; };
		ED4ABD442D27D84400215738 /* ColorsCustom.swift in Sources */ = {isa = PBXBuildFile; fileRef = ED4ABD432D27D84400215738 /* ColorsCustom.swift */; };
/* End PBXBuildFile section */

/* Begin PBXContainerItemProxy section */
		ED4ABD312D27CED300215738 /* PBXContainerItemProxy */ = {
			isa = PBXContainerItemProxy;
			containerPortal = ED4ABD1E2D27CED300215738 /* Project object */;
			proxyType = 1;
			remoteGlobalIDString = ED4ABD262D27CED300215738;
			remoteInfo = DSCore;
		};
/* End PBXContainerItemProxy section */

/* Begin PBXFileReference section */
		1593358F635C1A96D2323044 /* Pods_DSCore.framework */ = {isa = PBXFileReference; explicitFileType = wrapper.framework; includeInIndex = 0; path = Pods_DSCore.framework; sourceTree = BUILT_PRODUCTS_DIR; };
		529006E03CCEFA3931E6E089 /* Pods-DSCore.debug.xcconfig */ = {isa = PBXFileReference; includeInIndex = 1; lastKnownFileType = text.xcconfig; name = "Pods-DSCore.debug.xcconfig"; path = "Target Support Files/Pods-DSCore/Pods-DSCore.debug.xcconfig"; sourceTree = "<group>"; };
		9BA9977EA6A625589DE986E6 /* Pods-DSCore.release.xcconfig */ = {isa = PBXFileReference; includeInIndex = 1; lastKnownFileType = text.xcconfig; name = "Pods-DSCore.release.xcconfig"; path = "Target Support Files/Pods-DSCore/Pods-DSCore.release.xcconfig"; sourceTree = "<group>"; };
		9F5D3C72F5BDC7DE16D459ED /* Pods-DSCoreTests.release.xcconfig */ = {isa = PBXFileReference; includeInIndex = 1; lastKnownFileType = text.xcconfig; name = "Pods-DSCoreTests.release.xcconfig"; path = "Target Support Files/Pods-DSCoreTests/Pods-DSCoreTests.release.xcconfig"; sourceTree = "<group>"; };
		B8908C45DBD4B8CED7940A96 /* Pods-DSCoreTests.debug.xcconfig */ = {isa = PBXFileReference; includeInIndex = 1; lastKnownFileType = text.xcconfig; name = "Pods-DSCoreTests.debug.xcconfig"; path = "Target Support Files/Pods-DSCoreTests/Pods-DSCoreTests.debug.xcconfig"; sourceTree = "<group>"; };
		ED4ABD272D27CED300215738 /* DSCore.framework */ = {isa = PBXFileReference; explicitFileType = wrapper.framework; includeInIndex = 0; path = DSCore.framework; sourceTree = BUILT_PRODUCTS_DIR; };
		ED4ABD2A2D27CED300215738 /* DSCore.h */ = {isa = PBXFileReference; lastKnownFileType = sourcecode.c.h; path = DSCore.h; sourceTree = "<group>"; };
		ED4ABD2F2D27CED300215738 /* DSCoreTests.xctest */ = {isa = PBXFileReference; explicitFileType = wrapper.cfbundle; includeInIndex = 0; path = DSCoreTests.xctest; sourceTree = BUILT_PRODUCTS_DIR; };
		ED4ABD402D27CF3000215738 /* Frames.swift */ = {isa = PBXFileReference; lastKnownFileType = sourcecode.swift; path = Frames.swift; sourceTree = "<group>"; };
		ED4ABD432D27D84400215738 /* ColorsCustom.swift */ = {isa = PBXFileReference; lastKnownFileType = sourcecode.swift; path = ColorsCustom.swift; sourceTree = "<group>"; };
/* End PBXFileReference section */

/* Begin PBXFrameworksBuildPhase section */
		ED4ABD242D27CED300215738 /* Frameworks */ = {
			isa = PBXFrameworksBuildPhase;
			buildActionMask = 2147483647;
			files = (
				0671E2CE7344302ED96462E7 /* Pods_DSCore.framework in Frameworks */,
			);
			runOnlyForDeploymentPostprocessing = 0;
		};
		ED4ABD2C2D27CED300215738 /* Frameworks */ = {
			isa = PBXFrameworksBuildPhase;
			buildActionMask = 2147483647;
			files = (
				ED4ABD302D27CED300215738 /* DSCore.framework in Frameworks */,
			);
			runOnlyForDeploymentPostprocessing = 0;
		};
/* End PBXFrameworksBuildPhase section */

/* Begin PBXGroup section */
		45471D4330561AF77C4F2BBA /* Pods */ = {
			isa = PBXGroup;
			children = (
				529006E03CCEFA3931E6E089 /* Pods-DSCore.debug.xcconfig */,
				9BA9977EA6A625589DE986E6 /* Pods-DSCore.release.xcconfig */,
				B8908C45DBD4B8CED7940A96 /* Pods-DSCoreTests.debug.xcconfig */,
				9F5D3C72F5BDC7DE16D459ED /* Pods-DSCoreTests.release.xcconfig */,
			);
			name = Pods;
			path = ../../Pods;
			sourceTree = "<group>";
		};
		A055102DD45D74473221C60B /* Frameworks */ = {
			isa = PBXGroup;
			children = (
				1593358F635C1A96D2323044 /* Pods_DSCore.framework */,
			);
			name = Frameworks;
			sourceTree = "<group>";
		};
		ED4ABD1D2D27CED300215738 = {
			isa = PBXGroup;
			children = (
				ED4ABD292D27CED300215738 /* DSCore */,
				ED4ABD282D27CED300215738 /* Products */,
				45471D4330561AF77C4F2BBA /* Pods */,
				A055102DD45D74473221C60B /* Frameworks */,
			);
			sourceTree = "<group>";
		};
		ED4ABD282D27CED300215738 /* Products */ = {
			isa = PBXGroup;
			children = (
				ED4ABD272D27CED300215738 /* DSCore.framework */,
				ED4ABD2F2D27CED300215738 /* DSCoreTests.xctest */,
			);
			name = Products;
			sourceTree = "<group>";
		};
		ED4ABD292D27CED300215738 /* DSCore */ = {
			isa = PBXGroup;
			children = (
				ED4ABD422D27D83300215738 /* Colors */,
				ED4ABD3F2D27CEF300215738 /* Frames */,
				ED4ABD2A2D27CED300215738 /* DSCore.h */,
			);
			path = DSCore;
			sourceTree = "<group>";
		};
		ED4ABD3F2D27CEF300215738 /* Frames */ = {
			isa = PBXGroup;
			children = (
				ED4ABD402D27CF3000215738 /* Frames.swift */,
			);
			path = Frames;
			sourceTree = "<group>";
		};
		ED4ABD422D27D83300215738 /* Colors */ = {
			isa = PBXGroup;
			children = (
				ED4ABD432D27D84400215738 /* ColorsCustom.swift */,
			);
			path = Colors;
			sourceTree = "<group>";
		};
/* End PBXGroup section */

/* Begin PBXHeadersBuildPhase section */
		ED4ABD222D27CED300215738 /* Headers */ = {
			isa = PBXHeadersBuildPhase;
			buildActionMask = 2147483647;
			files = (
				ED4ABD362D27CED300215738 /* DSCore.h in Headers */,
			);
			runOnlyForDeploymentPostprocessing = 0;
		};
/* End PBXHeadersBuildPhase section */

/* Begin PBXNativeTarget section */
		ED4ABD262D27CED300215738 /* DSCore */ = {
			isa = PBXNativeTarget;
			buildConfigurationList = ED4ABD392D27CED300215738 /* Build configuration list for PBXNativeTarget "DSCore" */;
			buildPhases = (
				3FEED886C2A078FCFE804D12 /* [CP] Check Pods Manifest.lock */,
				ED4ABD222D27CED300215738 /* Headers */,
				ED4ABD232D27CED300215738 /* Sources */,
				ED4ABD242D27CED300215738 /* Frameworks */,
				ED4ABD252D27CED300215738 /* Resources */,
			);
			buildRules = (
			);
			dependencies = (
			);
			name = DSCore;
			productName = DSCore;
			productReference = ED4ABD272D27CED300215738 /* DSCore.framework */;
			productType = "com.apple.product-type.framework";
		};
		ED4ABD2E2D27CED300215738 /* DSCoreTests */ = {
			isa = PBXNativeTarget;
			buildConfigurationList = ED4ABD3C2D27CED300215738 /* Build configuration list for PBXNativeTarget "DSCoreTests" */;
			buildPhases = (
				ED4ABD2B2D27CED300215738 /* Sources */,
				ED4ABD2C2D27CED300215738 /* Frameworks */,
				ED4ABD2D2D27CED300215738 /* Resources */,
			);
			buildRules = (
			);
			dependencies = (
				ED4ABD322D27CED300215738 /* PBXTargetDependency */,
			);
			name = DSCoreTests;
			productName = DSCoreTests;
			productReference = ED4ABD2F2D27CED300215738 /* DSCoreTests.xctest */;
			productType = "com.apple.product-type.bundle.unit-test";
		};
/* End PBXNativeTarget section */

/* Begin PBXProject section */
		ED4ABD1E2D27CED300215738 /* Project object */ = {
			isa = PBXProject;
			attributes = {
				BuildIndependentTargetsInParallel = 1;
				LastSwiftUpdateCheck = 1530;
				LastUpgradeCheck = 1530;
				TargetAttributes = {
					ED4ABD262D27CED300215738 = {
						CreatedOnToolsVersion = 15.3;
						LastSwiftMigration = 1530;
					};
					ED4ABD2E2D27CED300215738 = {
						CreatedOnToolsVersion = 15.3;
					};
				};
			};
			buildConfigurationList = ED4ABD212D27CED300215738 /* Build configuration list for PBXProject "DSCore" */;
			compatibilityVersion = "Xcode 14.0";
			developmentRegion = en;
			hasScannedForEncodings = 0;
			knownRegions = (
				en,
				Base,
			);
			mainGroup = ED4ABD1D2D27CED300215738;
			productRefGroup = ED4ABD282D27CED300215738 /* Products */;
			projectDirPath = "";
			projectRoot = "";
			targets = (
				ED4ABD262D27CED300215738 /* DSCore */,
				ED4ABD2E2D27CED300215738 /* DSCoreTests */,
			);
		};
/* End PBXProject section */

/* Begin PBXResourcesBuildPhase section */
		ED4ABD252D27CED300215738 /* Resources */ = {
			isa = PBXResourcesBuildPhase;
			buildActionMask = 2147483647;
			files = (
			);
			runOnlyForDeploymentPostprocessing = 0;
		};
		ED4ABD2D2D27CED300215738 /* Resources */ = {
			isa = PBXResourcesBuildPhase;
			buildActionMask = 2147483647;
			files = (
			);
			runOnlyForDeploymentPostprocessing = 0;
		};
/* End PBXResourcesBuildPhase section */

/* Begin PBXShellScriptBuildPhase section */
		3FEED886C2A078FCFE804D12 /* [CP] Check Pods Manifest.lock */ = {
			isa = PBXShellScriptBuildPhase;
			buildActionMask = 2147483647;
			files = (
			);
			inputFileListPaths = (
			);
			inputPaths = (
				"${PODS_PODFILE_DIR_PATH}/Podfile.lock",
				"${PODS_ROOT}/Manifest.lock",
			);
			name = "[CP] Check Pods Manifest.lock";
			outputFileListPaths = (
			);
			outputPaths = (
				"$(DERIVED_FILE_DIR)/Pods-DSCore-checkManifestLockResult.txt",
			);
			runOnlyForDeploymentPostprocessing = 0;
			shellPath = /bin/sh;
			shellScript = "diff \"${PODS_PODFILE_DIR_PATH}/Podfile.lock\" \"${PODS_ROOT}/Manifest.lock\" > /dev/null\nif [ $? != 0 ] ; then\n    # print error to STDERR\n    echo \"error: The sandbox is not in sync with the Podfile.lock. Run 'pod install' or update your CocoaPods installation.\" >&2\n    exit 1\nfi\n# This output is used by Xcode 'outputs' to avoid re-running this script phase.\necho \"SUCCESS\" > \"${SCRIPT_OUTPUT_FILE_0}\"\n";
			showEnvVarsInLog = 0;
		};
/* End PBXShellScriptBuildPhase section */

/* Begin PBXSourcesBuildPhase section */
		ED4ABD232D27CED300215738 /* Sources */ = {
			isa = PBXSourcesBuildPhase;
			buildActionMask = 2147483647;
			files = (
				ED4ABD412D27CF3000215738 /* Frames.swift in Sources */,
				ED4ABD442D27D84400215738 /* ColorsCustom.swift in Sources */,
			);
			runOnlyForDeploymentPostprocessing = 0;
		};
		ED4ABD2B2D27CED300215738 /* Sources */ = {
			isa = PBXSourcesBuildPhase;
			buildActionMask = 2147483647;
			files = (
			);
			runOnlyForDeploymentPostprocessing = 0;
		};
/* End PBXSourcesBuildPhase section */

/* Begin PBXTargetDependency section */
		ED4ABD322D27CED300215738 /* PBXTargetDependency */ = {
			isa = PBXTargetDependency;
			target = ED4ABD262D27CED300215738 /* DSCore */;
			targetProxy = ED4ABD312D27CED300215738 /* PBXContainerItemProxy */;
		};
/* End PBXTargetDependency section */

/* Begin XCBuildConfiguration section */
		ED4ABD372D27CED300215738 /* Debug */ = {
			isa = XCBuildConfiguration;
			buildSettings = {
				ALWAYS_SEARCH_USER_PATHS = NO;
				ASSETCATALOG_COMPILER_GENERATE_SWIFT_ASSET_SYMBOL_EXTENSIONS = YES;
				CLANG_ANALYZER_NONNULL = YES;
				CLANG_ANALYZER_NUMBER_OBJECT_CONVERSION = YES_AGGRESSIVE;
				CLANG_CXX_LANGUAGE_STANDARD = "gnu++20";
				CLANG_ENABLE_MODULES = YES;
				CLANG_ENABLE_OBJC_ARC = YES;
				CLANG_ENABLE_OBJC_WEAK = YES;
				CLANG_WARN_BLOCK_CAPTURE_AUTORELEASING = YES;
				CLANG_WARN_BOOL_CONVERSION = YES;
				CLANG_WARN_COMMA = YES;
				CLANG_WARN_CONSTANT_CONVERSION = YES;
				CLANG_WARN_DEPRECATED_OBJC_IMPLEMENTATIONS = YES;
				CLANG_WARN_DIRECT_OBJC_ISA_USAGE = YES_ERROR;
				CLANG_WARN_DOCUMENTATION_COMMENTS = YES;
				CLANG_WARN_EMPTY_BODY = YES;
				CLANG_WARN_ENUM_CONVERSION = YES;
				CLANG_WARN_INFINITE_RECURSION = YES;
				CLANG_WARN_INT_CONVERSION = YES;
				CLANG_WARN_NON_LITERAL_NULL_CONVERSION = YES;
				CLANG_WARN_OBJC_IMPLICIT_RETAIN_SELF = YES;
				CLANG_WARN_OBJC_LITERAL_CONVERSION = YES;
				CLANG_WARN_OBJC_ROOT_CLASS = YES_ERROR;
				CLANG_WARN_QUOTED_INCLUDE_IN_FRAMEWORK_HEADER = YES;
				CLANG_WARN_RANGE_LOOP_ANALYSIS = YES;
				CLANG_WARN_STRICT_PROTOTYPES = YES;
				CLANG_WARN_SUSPICIOUS_MOVE = YES;
				CLANG_WARN_UNGUARDED_AVAILABILITY = YES_AGGRESSIVE;
				CLANG_WARN_UNREACHABLE_CODE = YES;
				CLANG_WARN__DUPLICATE_METHOD_MATCH = YES;
				COPY_PHASE_STRIP = NO;
				CURRENT_PROJECT_VERSION = 1;
				DEBUG_INFORMATION_FORMAT = dwarf;
				ENABLE_STRICT_OBJC_MSGSEND = YES;
				ENABLE_TESTABILITY = YES;
				ENABLE_USER_SCRIPT_SANDBOXING = YES;
				GCC_C_LANGUAGE_STANDARD = gnu17;
				GCC_DYNAMIC_NO_PIC = NO;
				GCC_NO_COMMON_BLOCKS = YES;
				GCC_OPTIMIZATION_LEVEL = 0;
				GCC_PREPROCESSOR_DEFINITIONS = (
					"DEBUG=1",
					"$(inherited)",
				);
				GCC_WARN_64_TO_32_BIT_CONVERSION = YES;
				GCC_WARN_ABOUT_RETURN_TYPE = YES_ERROR;
				GCC_WARN_UNDECLARED_SELECTOR = YES;
				GCC_WARN_UNINITIALIZED_AUTOS = YES_AGGRESSIVE;
				GCC_WARN_UNUSED_FUNCTION = YES;
				GCC_WARN_UNUSED_VARIABLE = YES;
				LOCALIZATION_PREFERS_STRING_CATALOGS = YES;
				MTL_ENABLE_DEBUG_INFO = INCLUDE_SOURCE;
				MTL_FAST_MATH = YES;
				ONLY_ACTIVE_ARCH = YES;
				SWIFT_ACTIVE_COMPILATION_CONDITIONS = "DEBUG $(inherited)";
				SWIFT_OPTIMIZATION_LEVEL = "-Onone";
				VERSIONING_SYSTEM = "apple-generic";
				VERSION_INFO_PREFIX = "";
			};
			name = Debug;
		};
		ED4ABD382D27CED300215738 /* Release */ = {
			isa = XCBuildConfiguration;
			buildSettings = {
				ALWAYS_SEARCH_USER_PATHS = NO;
				ASSETCATALOG_COMPILER_GENERATE_SWIFT_ASSET_SYMBOL_EXTENSIONS = YES;
				CLANG_ANALYZER_NONNULL = YES;
				CLANG_ANALYZER_NUMBER_OBJECT_CONVERSION = YES_AGGRESSIVE;
				CLANG_CXX_LANGUAGE_STANDARD = "gnu++20";
				CLANG_ENABLE_MODULES = YES;
				CLANG_ENABLE_OBJC_ARC = YES;
				CLANG_ENABLE_OBJC_WEAK = YES;
				CLANG_WARN_BLOCK_CAPTURE_AUTORELEASING = YES;
				CLANG_WARN_BOOL_CONVERSION = YES;
				CLANG_WARN_COMMA = YES;
				CLANG_WARN_CONSTANT_CONVERSION = YES;
				CLANG_WARN_DEPRECATED_OBJC_IMPLEMENTATIONS = YES;
				CLANG_WARN_DIRECT_OBJC_ISA_USAGE = YES_ERROR;
				CLANG_WARN_DOCUMENTATION_COMMENTS = YES;
				CLANG_WARN_EMPTY_BODY = YES;
				CLANG_WARN_ENUM_CONVERSION = YES;
				CLANG_WARN_INFINITE_RECURSION = YES;
				CLANG_WARN_INT_CONVERSION = YES;
				CLANG_WARN_NON_LITERAL_NULL_CONVERSION = YES;
				CLANG_WARN_OBJC_IMPLICIT_RETAIN_SELF = YES;
				CLANG_WARN_OBJC_LITERAL_CONVERSION = YES;
				CLANG_WARN_OBJC_ROOT_CLASS = YES_ERROR;
				CLANG_WARN_QUOTED_INCLUDE_IN_FRAMEWORK_HEADER = YES;
				CLANG_WARN_RANGE_LOOP_ANALYSIS = YES;
				CLANG_WARN_STRICT_PROTOTYPES = YES;
				CLANG_WARN_SUSPICIOUS_MOVE = YES;
				CLANG_WARN_UNGUARDED_AVAILABILITY = YES_AGGRESSIVE;
				CLANG_WARN_UNREACHABLE_CODE = YES;
				CLANG_WARN__DUPLICATE_METHOD_MATCH = YES;
				COPY_PHASE_STRIP = NO;
				CURRENT_PROJECT_VERSION = 1;
				DEBUG_INFORMATION_FORMAT = "dwarf-with-dsym";
				ENABLE_NS_ASSERTIONS = NO;
				ENABLE_STRICT_OBJC_MSGSEND = YES;
				ENABLE_USER_SCRIPT_SANDBOXING = YES;
				GCC_C_LANGUAGE_STANDARD = gnu17;
				GCC_NO_COMMON_BLOCKS = YES;
				GCC_WARN_64_TO_32_BIT_CONVERSION = YES;
				GCC_WARN_ABOUT_RETURN_TYPE = YES_ERROR;
				GCC_WARN_UNDECLARED_SELECTOR = YES;
				GCC_WARN_UNINITIALIZED_AUTOS = YES_AGGRESSIVE;
				GCC_WARN_UNUSED_FUNCTION = YES;
				GCC_WARN_UNUSED_VARIABLE = YES;
				LOCALIZATION_PREFERS_STRING_CATALOGS = YES;
				MTL_ENABLE_DEBUG_INFO = NO;
				MTL_FAST_MATH = YES;
				SWIFT_COMPILATION_MODE = wholemodule;
				VERSIONING_SYSTEM = "apple-generic";
				VERSION_INFO_PREFIX = "";
			};
			name = Release;
		};
		ED4ABD3A2D27CED300215738 /* Debug */ = {
			isa = XCBuildConfiguration;
			baseConfigurationReference = 529006E03CCEFA3931E6E089 /* Pods-DSCore.debug.xcconfig */;
			buildSettings = {
				ALLOW_TARGET_PLATFORM_SPECIALIZATION = YES;
				BUILD_LIBRARY_FOR_DISTRIBUTION = YES;
				CLANG_ENABLE_MODULES = YES;
				CODE_SIGN_STYLE = Automatic;
				CURRENT_PROJECT_VERSION = 1;
				DEFINES_MODULE = YES;
				DEVELOPMENT_TEAM = K357BR6MN2;
				DYLIB_COMPATIBILITY_VERSION = 1;
				DYLIB_CURRENT_VERSION = 1;
				DYLIB_INSTALL_NAME_BASE = "@rpath";
				ENABLE_MODULE_VERIFIER = YES;
				GENERATE_INFOPLIST_FILE = YES;
				INFOPLIST_KEY_NSHumanReadableCopyright = "";
				INSTALL_PATH = "$(LOCAL_LIBRARY_DIR)/Frameworks";
				IPHONEOS_DEPLOYMENT_TARGET = 17.4;
				LD_RUNPATH_SEARCH_PATHS = (
					"@executable_path/Frameworks",
					"@loader_path/Frameworks",
				);
				"LD_RUNPATH_SEARCH_PATHS[sdk=macosx*]" = (
					"@executable_path/../Frameworks",
					"@loader_path/Frameworks",
				);
				MACOSX_DEPLOYMENT_TARGET = 14.4;
				MARKETING_VERSION = 1.0;
				MODULE_VERIFIER_SUPPORTED_LANGUAGES = "objective-c objective-c++";
				MODULE_VERIFIER_SUPPORTED_LANGUAGE_STANDARDS = "gnu17 gnu++20";
				PRODUCT_BUNDLE_IDENTIFIER = com.andcamilo001.DSCore;
				PRODUCT_NAME = "$(TARGET_NAME:c99extidentifier)";
				SDKROOT = auto;
				SKIP_INSTALL = YES;
				SUPPORTED_PLATFORMS = "iphoneos iphonesimulator macosx";
				SWIFT_EMIT_LOC_STRINGS = YES;
				SWIFT_INSTALL_OBJC_HEADER = NO;
				SWIFT_OPTIMIZATION_LEVEL = "-Onone";
				SWIFT_VERSION = 5.0;
				TARGETED_DEVICE_FAMILY = "1,2";
			};
			name = Debug;
		};
		ED4ABD3B2D27CED300215738 /* Release */ = {
			isa = XCBuildConfiguration;
			baseConfigurationReference = 9BA9977EA6A625589DE986E6 /* Pods-DSCore.release.xcconfig */;
			buildSettings = {
				ALLOW_TARGET_PLATFORM_SPECIALIZATION = YES;
				BUILD_LIBRARY_FOR_DISTRIBUTION = YES;
				CLANG_ENABLE_MODULES = YES;
				CODE_SIGN_STYLE = Automatic;
				CURRENT_PROJECT_VERSION = 1;
				DEFINES_MODULE = YES;
				DEVELOPMENT_TEAM = K357BR6MN2;
				DYLIB_COMPATIBILITY_VERSION = 1;
				DYLIB_CURRENT_VERSION = 1;
				DYLIB_INSTALL_NAME_BASE = "@rpath";
				ENABLE_MODULE_VERIFIER = YES;
				GENERATE_INFOPLIST_FILE = YES;
				INFOPLIST_KEY_NSHumanReadableCopyright = "";
				INSTALL_PATH = "$(LOCAL_LIBRARY_DIR)/Frameworks";
				IPHONEOS_DEPLOYMENT_TARGET = 17.4;
				LD_RUNPATH_SEARCH_PATHS = (
					"@executable_path/Frameworks",
					"@loader_path/Frameworks",
				);
				"LD_RUNPATH_SEARCH_PATHS[sdk=macosx*]" = (
					"@executable_path/../Frameworks",
					"@loader_path/Frameworks",
				);
				MACOSX_DEPLOYMENT_TARGET = 14.4;
				MARKETING_VERSION = 1.0;
				MODULE_VERIFIER_SUPPORTED_LANGUAGES = "objective-c objective-c++";
				MODULE_VERIFIER_SUPPORTED_LANGUAGE_STANDARDS = "gnu17 gnu++20";
				PRODUCT_BUNDLE_IDENTIFIER = com.andcamilo001.DSCore;
				PRODUCT_NAME = "$(TARGET_NAME:c99extidentifier)";
				SDKROOT = auto;
				SKIP_INSTALL = YES;
				SUPPORTED_PLATFORMS = "iphoneos iphonesimulator macosx";
				SWIFT_EMIT_LOC_STRINGS = YES;
				SWIFT_INSTALL_OBJC_HEADER = NO;
				SWIFT_VERSION = 5.0;
				TARGETED_DEVICE_FAMILY = "1,2";
			};
			name = Release;
		};
		ED4ABD3D2D27CED300215738 /* Debug */ = {
			isa = XCBuildConfiguration;
			buildSettings = {
				ALLOW_TARGET_PLATFORM_SPECIALIZATION = YES;
				ALWAYS_EMBED_SWIFT_STANDARD_LIBRARIES = YES;
				CODE_SIGN_STYLE = Automatic;
				CURRENT_PROJECT_VERSION = 1;
				DEVELOPMENT_TEAM = K357BR6MN2;
				GENERATE_INFOPLIST_FILE = YES;
				IPHONEOS_DEPLOYMENT_TARGET = 17.4;
				MACOSX_DEPLOYMENT_TARGET = 14.4;
				MARKETING_VERSION = 1.0;
				PRODUCT_BUNDLE_IDENTIFIER = com.andcamilo001.DSCoreTests;
				PRODUCT_NAME = "$(TARGET_NAME)";
				SDKROOT = auto;
				SUPPORTED_PLATFORMS = "iphoneos iphonesimulator macosx";
				SWIFT_EMIT_LOC_STRINGS = NO;
				SWIFT_VERSION = 5.0;
				TARGETED_DEVICE_FAMILY = "1,2";
			};
			name = Debug;
		};
		ED4ABD3E2D27CED300215738 /* Release */ = {
			isa = XCBuildConfiguration;
			buildSettings = {
				ALLOW_TARGET_PLATFORM_SPECIALIZATION = YES;
				ALWAYS_EMBED_SWIFT_STANDARD_LIBRARIES = YES;
				CODE_SIGN_STYLE = Automatic;
				CURRENT_PROJECT_VERSION = 1;
				DEVELOPMENT_TEAM = K357BR6MN2;
				GENERATE_INFOPLIST_FILE = YES;
				IPHONEOS_DEPLOYMENT_TARGET = 17.4;
				MACOSX_DEPLOYMENT_TARGET = 14.4;
				MARKETING_VERSION = 1.0;
				PRODUCT_BUNDLE_IDENTIFIER = com.andcamilo001.DSCoreTests;
				PRODUCT_NAME = "$(TARGET_NAME)";
				SDKROOT = auto;
				SUPPORTED_PLATFORMS = "iphoneos iphonesimulator macosx";
				SWIFT_EMIT_LOC_STRINGS = NO;
				SWIFT_VERSION = 5.0;
				TARGETED_DEVICE_FAMILY = "1,2";
			};
			name = Release;
		};
/* End XCBuildConfiguration section */

/* Begin XCConfigurationList section */
		ED4ABD212D27CED300215738 /* Build configuration list for PBXProject "DSCore" */ = {
			isa = XCConfigurationList;
			buildConfigurations = (
				ED4ABD372D27CED300215738 /* Debug */,
				ED4ABD382D27CED300215738 /* Release */,
			);
			defaultConfigurationIsVisible = 0;
			defaultConfigurationName = Release;
		};
		ED4ABD392D27CED300215738 /* Build configuration list for PBXNativeTarget "DSCore" */ = {
			isa = XCConfigurationList;
			buildConfigurations = (
				ED4ABD3A2D27CED300215738 /* Debug */,
				ED4ABD3B2D27CED300215738 /* Release */,
			);
			defaultConfigurationIsVisible = 0;
			defaultConfigurationName = Release;
		};
		ED4ABD3C2D27CED300215738 /* Build configuration list for PBXNativeTarget "DSCoreTests" */ = {
			isa = XCConfigurationList;
			buildConfigurations = (
				ED4ABD3D2D27CED300215738 /* Debug */,
				ED4ABD3E2D27CED300215738 /* Release */,
			);
			defaultConfigurationIsVisible = 0;
			defaultConfigurationName = Release;
		};
/* End XCConfigurationList section */
	};
	rootObject = ED4ABD1E2D27CED300215738 /* Project object */;
}
